
Microsoft Visual Studio Solution File, Format Version 12.00
# Visual Studio Version 16
VisualStudioVersion = 16.0.30611.23
MinimumVisualStudioVersion = 10.0.40219.1
Project("{FAE04EC0-301F-11D3-BF4B-00C04F79EFBC}") = "SocketPilot", "SocketPilot\SocketPilot.csproj", "{ECDD500A-684A-40B6-B914-CB18214EB25C}"
EndProject
Global
	GlobalSection(SolutionConfigurationPlatforms) = preSolution
		Debug|Any CPU = Debug|Any CPU
		Release|Any CPU = Release|Any CPU
	EndGlobalSection
	GlobalSection(ProjectConfigurationPlatforms) = postSolution
		{ECDD500A-684A-40B6-B914-CB18214EB25C}.Debug|Any CPU.ActiveCfg = Debug|Any CPU
		{ECDD500A-684A-40B6-B914-CB18214EB25C}.Debug|Any CPU.Build.0 = Debug|Any CPU
		{ECDD500A-684A-40B6-B914-CB18214EB25C}.Release|Any CPU.ActiveCfg = Release|Any CPU
		{ECDD500A-684A-40B6-B914-CB18214EB25C}.Release|Any CPU.Build.0 = Release|Any CPU
	EndGlobalSection
	GlobalSection(SolutionProperties) = preSolution
		HideSolutionNode = FALSE
	EndGlobalSection
	GlobalSection(ExtensibilityGlobals) = postSolution
		SolutionGuid = {22D06238-4425-4D05-9B6C-19D6C2B51B0D}
	EndGlobalSection
EndGlobal
